
Microsoft Visual Studio Solution File, Format Version 12.00
# Visual Studio Version 17
VisualStudioVersion = 17.5.33424.131
MinimumVisualStudioVersion = 10.0.40219.1
Project("{FAE04EC0-301F-11D3-BF4B-00C04F79EFBC}") = "BrailleSystem", "BrailleSystem\BrailleSystem.csproj", "{43EE1972-923C-4B44-9A27-55C8E36F9F96}"
	ProjectSection(ProjectDependencies) = postProject
		{DBA96D75-DB08-4BAF-8A91-26C030BAD0E6} = {DBA96D75-DB08-4BAF-8A91-26C030BAD0E6}
	EndProjectSection
EndProject
Project("{FAE04EC0-301F-11D3-BF4B-00C04F79EFBC}") = "BrailleService", "BrailleService\BrailleService.csproj", "{DBA96D75-DB08-4BAF-8A91-26C030BAD0E6}"
EndProject
Global
	GlobalSection(SolutionConfigurationPlatforms) = preSolution
		Debug|Any CPU = Debug|Any CPU
		Release|Any CPU = Release|Any CPU
	EndGlobalSection
	GlobalSection(ProjectConfigurationPlatforms) = postSolution
		{43EE1972-923C-4B44-9A27-55C8E36F9F96}.Debug|Any CPU.ActiveCfg = Debug|Any CPU
		{43EE1972-923C-4B44-9A27-55C8E36F9F96}.Debug|Any CPU.Build.0 = Debug|Any CPU
		{43EE1972-923C-4B44-9A27-55C8E36F9F96}.Release|Any CPU.ActiveCfg = Release|Any CPU
		{43EE1972-923C-4B44-9A27-55C8E36F9F96}.Release|Any CPU.Build.0 = Release|Any CPU
		{DBA96D75-DB08-4BAF-8A91-26C030BAD0E6}.Debug|Any CPU.ActiveCfg = Debug|Any CPU
		{DBA96D75-DB08-4BAF-8A91-26C030BAD0E6}.Debug|Any CPU.Build.0 = Debug|Any CPU
		{DBA96D75-DB08-4BAF-8A91-26C030BAD0E6}.Release|Any CPU.ActiveCfg = Release|Any CPU
		{DBA96D75-DB08-4BAF-8A91-26C030BAD0E6}.Release|Any CPU.Build.0 = Release|Any CPU
	EndGlobalSection
	GlobalSection(SolutionProperties) = preSolution
		HideSolutionNode = FALSE
	EndGlobalSection
	GlobalSection(ExtensibilityGlobals) = postSolution
		SolutionGuid = {1B1AF105-AFC7-4E95-9E0E-08240C2D47EE}
	EndGlobalSection
EndGlobal
